
Microsoft Visual Studio Solution File, Format Version 12.00
# Visual Studio 2015
Project("{FAE04EC0-301F-11D3-BF4B-00C04F79EFBC}") = "Folklore.Plugins", "Folklore.Plugins.csproj", "{5F30AE34-4A81-5A82-7A16-8199E53E8100}"
EndProject
Project("{FAE04EC0-301F-11D3-BF4B-00C04F79EFBC}") = "Folklore", "Folklore.csproj", "{50A4ED68-C36B-C405-5167-D9637A3B0074}"
EndProject
Project("{FAE04EC0-301F-11D3-BF4B-00C04F79EFBC}") = "Folklore.Editor.Plugins", "Folklore.Editor.Plugins.csproj", "{A6139544-072D-6C96-E2F1-F9A1A61936F3}"
EndProject
Project("{FAE04EC0-301F-11D3-BF4B-00C04F79EFBC}") = "Folklore.Editor", "Folklore.Editor.csproj", "{EE9D2D75-12D9-DBF8-CA69-411AC73094B6}"
EndProject
Global
	GlobalSection(SolutionConfigurationPlatforms) = preSolution
		Debug|Any CPU = Debug|Any CPU
		Release|Any CPU = Release|Any CPU
	EndGlobalSection
	GlobalSection(ProjectConfigurationPlatforms) = postSolution
		{5F30AE34-4A81-5A82-7A16-8199E53E8100}.Debug|Any CPU.ActiveCfg = Debug|Any CPU
		{5F30AE34-4A81-5A82-7A16-8199E53E8100}.Debug|Any CPU.Build.0 = Debug|Any CPU
		{5F30AE34-4A81-5A82-7A16-8199E53E8100}.Release|Any CPU.ActiveCfg = Release|Any CPU
		{5F30AE34-4A81-5A82-7A16-8199E53E8100}.Release|Any CPU.Build.0 = Release|Any CPU
		{50A4ED68-C36B-C405-5167-D9637A3B0074}.Debug|Any CPU.ActiveCfg = Debug|Any CPU
		{50A4ED68-C36B-C405-5167-D9637A3B0074}.Debug|Any CPU.Build.0 = Debug|Any CPU
		{50A4ED68-C36B-C405-5167-D9637A3B0074}.Release|Any CPU.ActiveCfg = Release|Any CPU
		{50A4ED68-C36B-C405-5167-D9637A3B0074}.Release|Any CPU.Build.0 = Release|Any CPU
		{A6139544-072D-6C96-E2F1-F9A1A61936F3}.Debug|Any CPU.ActiveCfg = Debug|Any CPU
		{A6139544-072D-6C96-E2F1-F9A1A61936F3}.Debug|Any CPU.Build.0 = Debug|Any CPU
		{A6139544-072D-6C96-E2F1-F9A1A61936F3}.Release|Any CPU.ActiveCfg = Release|Any CPU
		{A6139544-072D-6C96-E2F1-F9A1A61936F3}.Release|Any CPU.Build.0 = Release|Any CPU
		{EE9D2D75-12D9-DBF8-CA69-411AC73094B6}.Debug|Any CPU.ActiveCfg = Debug|Any CPU
		{EE9D2D75-12D9-DBF8-CA69-411AC73094B6}.Debug|Any CPU.Build.0 = Debug|Any CPU
		{EE9D2D75-12D9-DBF8-CA69-411AC73094B6}.Release|Any CPU.ActiveCfg = Release|Any CPU
		{EE9D2D75-12D9-DBF8-CA69-411AC73094B6}.Release|Any CPU.Build.0 = Release|Any CPU
	EndGlobalSection
	GlobalSection(SolutionProperties) = preSolution
		HideSolutionNode = FALSE
	EndGlobalSection
EndGlobal
