Microsoft Visual Studio Solution File, Format Version 11.00
# Visual Studio 2008

Project("{7E3B037A-BF6A-CEF4-E593-94B588D4792B}") = "Folklore", "Assembly-CSharp-firstpass.csproj", "{E39CF01E-4B82-0F2D-C71F-F6B28E7E3CA3}"
EndProject
Project("{7E3B037A-BF6A-CEF4-E593-94B588D4792B}") = "Folklore", "Assembly-CSharp.csproj", "{8B59FA62-A2E5-8DF7-9191-0509347E505B}"
EndProject
Project("{7E3B037A-BF6A-CEF4-E593-94B588D4792B}") = "Folklore", "Assembly-CSharp-Editor-firstpass.csproj", "{A6B786CA-5FC8-6BB1-AC46-2E323D6598AA}"
EndProject
Project("{7E3B037A-BF6A-CEF4-E593-94B588D4792B}") = "Folklore", "Assembly-CSharp-Editor.csproj", "{EA2F6E4E-5311-EF5A-F7B8-2570D969C682}"
EndProject
Global
	GlobalSection(SolutionConfigurationPlatforms) = preSolution
		Debug|Any CPU = Debug|Any CPU
		Release|Any CPU = Release|Any CPU
	EndGlobalSection
	GlobalSection(ProjectConfigurationPlatforms) = postSolution
		{E39CF01E-4B82-0F2D-C71F-F6B28E7E3CA3}.Debug|Any CPU.ActiveCfg = Debug|Any CPU
		{E39CF01E-4B82-0F2D-C71F-F6B28E7E3CA3}.Debug|Any CPU.Build.0 = Debug|Any CPU
		{E39CF01E-4B82-0F2D-C71F-F6B28E7E3CA3}.Release|Any CPU.ActiveCfg = Release|Any CPU
		{E39CF01E-4B82-0F2D-C71F-F6B28E7E3CA3}.Release|Any CPU.Build.0 = Release|Any CPU
		{8B59FA62-A2E5-8DF7-9191-0509347E505B}.Debug|Any CPU.ActiveCfg = Debug|Any CPU
		{8B59FA62-A2E5-8DF7-9191-0509347E505B}.Debug|Any CPU.Build.0 = Debug|Any CPU
		{8B59FA62-A2E5-8DF7-9191-0509347E505B}.Release|Any CPU.ActiveCfg = Release|Any CPU
		{8B59FA62-A2E5-8DF7-9191-0509347E505B}.Release|Any CPU.Build.0 = Release|Any CPU
		{A6B786CA-5FC8-6BB1-AC46-2E323D6598AA}.Debug|Any CPU.ActiveCfg = Debug|Any CPU
		{A6B786CA-5FC8-6BB1-AC46-2E323D6598AA}.Debug|Any CPU.Build.0 = Debug|Any CPU
		{A6B786CA-5FC8-6BB1-AC46-2E323D6598AA}.Release|Any CPU.ActiveCfg = Release|Any CPU
		{A6B786CA-5FC8-6BB1-AC46-2E323D6598AA}.Release|Any CPU.Build.0 = Release|Any CPU
		{EA2F6E4E-5311-EF5A-F7B8-2570D969C682}.Debug|Any CPU.ActiveCfg = Debug|Any CPU
		{EA2F6E4E-5311-EF5A-F7B8-2570D969C682}.Debug|Any CPU.Build.0 = Debug|Any CPU
		{EA2F6E4E-5311-EF5A-F7B8-2570D969C682}.Release|Any CPU.ActiveCfg = Release|Any CPU
		{EA2F6E4E-5311-EF5A-F7B8-2570D969C682}.Release|Any CPU.Build.0 = Release|Any CPU
	EndGlobalSection
	GlobalSection(SolutionProperties) = preSolution
		HideSolutionNode = FALSE
	EndGlobalSection
	GlobalSection(MonoDevelopProperties) = preSolution
		StartupItem = Assembly-CSharp.csproj
	EndGlobalSection
EndGlobal
