
Microsoft Visual Studio Solution File, Format Version 11.00
# Visual Studio 2010
Project("{FAE04EC0-301F-11D3-BF4B-00C04F79EFBC}") = "Folk", "Assembly-CSharp-firstpass.csproj", "{DBE506ED-0988-DF6F-E73F-DDE1F2EF2841}"
EndProject
Project("{FAE04EC0-301F-11D3-BF4B-00C04F79EFBC}") = "Folk", "Assembly-CSharp.csproj", "{6B2B3041-4BF5-8F34-4F53-04A878FDC805}"
EndProject
Project("{FAE04EC0-301F-11D3-BF4B-00C04F79EFBC}") = "Folk", "Assembly-CSharp-Editor-firstpass.csproj", "{E73422E1-6288-1BC0-6B26-5F3F591AFD18}"
EndProject
Global
	GlobalSection(SolutionConfigurationPlatforms) = preSolution
		Debug|Any CPU = Debug|Any CPU
		Release|Any CPU = Release|Any CPU
	EndGlobalSection
	GlobalSection(ProjectConfigurationPlatforms) = postSolution
		{DBE506ED-0988-DF6F-E73F-DDE1F2EF2841}.Debug|Any CPU.ActiveCfg = Debug|Any CPU
		{DBE506ED-0988-DF6F-E73F-DDE1F2EF2841}.Debug|Any CPU.Build.0 = Debug|Any CPU
		{DBE506ED-0988-DF6F-E73F-DDE1F2EF2841}.Release|Any CPU.ActiveCfg = Release|Any CPU
		{DBE506ED-0988-DF6F-E73F-DDE1F2EF2841}.Release|Any CPU.Build.0 = Release|Any CPU
		{6B2B3041-4BF5-8F34-4F53-04A878FDC805}.Debug|Any CPU.ActiveCfg = Debug|Any CPU
		{6B2B3041-4BF5-8F34-4F53-04A878FDC805}.Debug|Any CPU.Build.0 = Debug|Any CPU
		{6B2B3041-4BF5-8F34-4F53-04A878FDC805}.Release|Any CPU.ActiveCfg = Release|Any CPU
		{6B2B3041-4BF5-8F34-4F53-04A878FDC805}.Release|Any CPU.Build.0 = Release|Any CPU
		{E73422E1-6288-1BC0-6B26-5F3F591AFD18}.Debug|Any CPU.ActiveCfg = Debug|Any CPU
		{E73422E1-6288-1BC0-6B26-5F3F591AFD18}.Debug|Any CPU.Build.0 = Debug|Any CPU
		{E73422E1-6288-1BC0-6B26-5F3F591AFD18}.Release|Any CPU.ActiveCfg = Release|Any CPU
		{E73422E1-6288-1BC0-6B26-5F3F591AFD18}.Release|Any CPU.Build.0 = Release|Any CPU
	EndGlobalSection
	GlobalSection(SolutionProperties) = preSolution
		HideSolutionNode = FALSE
	EndGlobalSection
	GlobalSection(MonoDevelopProperties) = preSolution
		StartupItem = Assembly-CSharp.csproj
	EndGlobalSection
EndGlobal
